
Microsoft Visual Studio Solution File, Format Version 12.00
# Visual Studio Version 16
VisualStudioVersion = 16.0.30503.244
MinimumVisualStudioVersion = 10.0.40219.1
Project("{FAE04EC0-301F-11D3-BF4B-00C04F79EFBC}") = "TesteCompuletra", "TesteCompuletra\TesteCompuletra.csproj", "{0178A94D-3BE8-431B-A8DF-3A04FE1A0218}"
EndProject
Project("{FAE04EC0-301F-11D3-BF4B-00C04F79EFBC}") = "Negocio", "Negocio\Negocio.csproj", "{B7A22F76-599D-465A-93A3-D9719BF64937}"
EndProject
Global
	GlobalSection(SolutionConfigurationPlatforms) = preSolution
		Debug|Any CPU = Debug|Any CPU
		Release|Any CPU = Release|Any CPU
	EndGlobalSection
	GlobalSection(ProjectConfigurationPlatforms) = postSolution
		{0178A94D-3BE8-431B-A8DF-3A04FE1A0218}.Debug|Any CPU.ActiveCfg = Debug|Any CPU
		{0178A94D-3BE8-431B-A8DF-3A04FE1A0218}.Debug|Any CPU.Build.0 = Debug|Any CPU
		{0178A94D-3BE8-431B-A8DF-3A04FE1A0218}.Release|Any CPU.ActiveCfg = Release|Any CPU
		{0178A94D-3BE8-431B-A8DF-3A04FE1A0218}.Release|Any CPU.Build.0 = Release|Any CPU
		{B7A22F76-599D-465A-93A3-D9719BF64937}.Debug|Any CPU.ActiveCfg = Debug|Any CPU
		{B7A22F76-599D-465A-93A3-D9719BF64937}.Debug|Any CPU.Build.0 = Debug|Any CPU
		{B7A22F76-599D-465A-93A3-D9719BF64937}.Release|Any CPU.ActiveCfg = Release|Any CPU
		{B7A22F76-599D-465A-93A3-D9719BF64937}.Release|Any CPU.Build.0 = Release|Any CPU
	EndGlobalSection
	GlobalSection(SolutionProperties) = preSolution
		HideSolutionNode = FALSE
	EndGlobalSection
	GlobalSection(ExtensibilityGlobals) = postSolution
		SolutionGuid = {DBC56D67-D28E-42EF-B1CE-ED815D0DBAA3}
	EndGlobalSection
EndGlobal
